
Microsoft Visual Studio Solution File, Format Version 12.00
# Visual Studio Version 16
VisualStudioVersion = 16.0.29911.84
MinimumVisualStudioVersion = 10.0.40219.1
Project("{FAE04EC0-301F-11D3-BF4B-00C04F79EFBC}") = "Kursinis", "Kursinis\Kursinis.csproj", "{CD8CBF8D-B24D-488F-AA66-FCD116D35162}"
EndProject
Global
	GlobalSection(SolutionConfigurationPlatforms) = preSolution
		Debug|Any CPU = Debug|Any CPU
		Release|Any CPU = Release|Any CPU
	EndGlobalSection
	GlobalSection(ProjectConfigurationPlatforms) = postSolution
		{CD8CBF8D-B24D-488F-AA66-FCD116D35162}.Debug|Any CPU.ActiveCfg = Debug|Any CPU
		{CD8CBF8D-B24D-488F-AA66-FCD116D35162}.Debug|Any CPU.Build.0 = Debug|Any CPU
		{CD8CBF8D-B24D-488F-AA66-FCD116D35162}.Release|Any CPU.ActiveCfg = Release|Any CPU
		{CD8CBF8D-B24D-488F-AA66-FCD116D35162}.Release|Any CPU.Build.0 = Release|Any CPU
	EndGlobalSection
	GlobalSection(SolutionProperties) = preSolution
		HideSolutionNode = FALSE
	EndGlobalSection
	GlobalSection(ExtensibilityGlobals) = postSolution
		SolutionGuid = {74CF9735-3DCD-4627-9C2F-187A64DBB913}
	EndGlobalSection
EndGlobal
